
Microsoft Visual Studio Solution File, Format Version 12.00
# Visual Studio Version 17
VisualStudioVersion = 17.6.33829.357
MinimumVisualStudioVersion = 10.0.40219.1
Project("{FAE04EC0-301F-11D3-BF4B-00C04F79EFBC}") = "Blog", "Blog\Blog.csproj", "{88A861D8-6F05-4989-ABF3-6B678098B7AA}"
EndProject
Global
	GlobalSection(SolutionConfigurationPlatforms) = preSolution
		Debug|Any CPU = Debug|Any CPU
		Release|Any CPU = Release|Any CPU
	EndGlobalSection
	GlobalSection(ProjectConfigurationPlatforms) = postSolution
		{88A861D8-6F05-4989-ABF3-6B678098B7AA}.Debug|Any CPU.ActiveCfg = Debug|Any CPU
		{88A861D8-6F05-4989-ABF3-6B678098B7AA}.Debug|Any CPU.Build.0 = Debug|Any CPU
		{88A861D8-6F05-4989-ABF3-6B678098B7AA}.Release|Any CPU.ActiveCfg = Release|Any CPU
		{88A861D8-6F05-4989-ABF3-6B678098B7AA}.Release|Any CPU.Build.0 = Release|Any CPU
	EndGlobalSection
	GlobalSection(SolutionProperties) = preSolution
		HideSolutionNode = FALSE
	EndGlobalSection
	GlobalSection(ExtensibilityGlobals) = postSolution
		SolutionGuid = {7D8CBA1D-9545-47C8-9B15-1CA4D07E8809}
	EndGlobalSection
EndGlobal
